
Microsoft Visual Studio Solution File, Format Version 12.00
# Visual Studio Version 17
VisualStudioVersion = 17.5.33530.505
MinimumVisualStudioVersion = 10.0.40219.1
Project("{9A19103F-16F7-4668-BE54-9A1E7A4F7556}") = "TaskManagementAPI", "TaskManagementAPI.csproj", "{EBA6FF54-02FD-42A8-9DA6-0F826A7123C8}"
EndProject
Global
	GlobalSection(SolutionConfigurationPlatforms) = preSolution
		Debug|Any CPU = Debug|Any CPU
		Release|Any CPU = Release|Any CPU
	EndGlobalSection
	GlobalSection(ProjectConfigurationPlatforms) = postSolution
		{EBA6FF54-02FD-42A8-9DA6-0F826A7123C8}.Debug|Any CPU.ActiveCfg = Debug|Any CPU
		{EBA6FF54-02FD-42A8-9DA6-0F826A7123C8}.Debug|Any CPU.Build.0 = Debug|Any CPU
		{EBA6FF54-02FD-42A8-9DA6-0F826A7123C8}.Release|Any CPU.ActiveCfg = Release|Any CPU
		{EBA6FF54-02FD-42A8-9DA6-0F826A7123C8}.Release|Any CPU.Build.0 = Release|Any CPU
	EndGlobalSection
	GlobalSection(SolutionProperties) = preSolution
		HideSolutionNode = FALSE
	EndGlobalSection
	GlobalSection(ExtensibilityGlobals) = postSolution
		SolutionGuid = {BD14D68B-CF31-4E93-9E70-6AEFA30ABAB3}
	EndGlobalSection
EndGlobal
